
Microsoft Visual Studio Solution File, Format Version 12.00
# Visual Studio Version 16
VisualStudioVersion = 16.0.31005.135
MinimumVisualStudioVersion = 10.0.40219.1
Project("{2150E333-8FDC-42A3-9474-1A3956D46DE8}") = "01.bookcafe", "01.bookcafe", "{4E02AC38-00DE-4871-AEE2-CBAA2ED15A4F}"
EndProject
Project("{2150E333-8FDC-42A3-9474-1A3956D46DE8}") = "00.common", "00.common", "{80439E30-E1CE-44B1-A6E9-27710D7001D7}"
	ProjectSection(SolutionItems) = preProject
		.gitignore = .gitignore
	EndProjectSection
EndProject
Project("{8BC9CEB8-8B4A-11D0-8D11-00A0C91BC942}") = "bookcafe_project", "bookcafe_project\bookcafe_project.vcxproj", "{C13D535A-B599-41B1-831F-964FA9914801}"
EndProject
Project("{2150E333-8FDC-42A3-9474-1A3956D46DE8}") = "99.example", "99.example", "{81A44035-66AA-4EC0-84BF-E93B3A41D855}"
EndProject
Project("{8BC9CEB8-8B4A-11D0-8D11-00A0C91BC942}") = "fileio", "fileio\fileio.vcxproj", "{2AB96026-449E-4655-87B4-453DE0C2A85F}"
EndProject
Project("{2150E333-8FDC-42A3-9474-1A3956D46DE8}") = "03.파일IO", "03.파일IO", "{0ADED0FD-2B6F-4659-B192-54DA1913A6AD}"
EndProject
Project("{2150E333-8FDC-42A3-9474-1A3956D46DE8}") = "04.Strings", "04.Strings", "{0C828CE1-FF0D-4A9D-852C-2C75DB589F33}"
EndProject
Project("{2150E333-8FDC-42A3-9474-1A3956D46DE8}") = "05.sort", "05.sort", "{36E56FA4-34EE-4536-88DD-5A3893C2AA85}"
EndProject
Project("{8BC9CEB8-8B4A-11D0-8D11-00A0C91BC942}") = "bubble", "bubble\bubble.vcxproj", "{077EF871-9B8C-4FB5-ACA5-E967F472785B}"
EndProject
Project("{8BC9CEB8-8B4A-11D0-8D11-00A0C91BC942}") = "insert", "insert\insert.vcxproj", "{6FB34016-1D09-4689-8E8F-EAA98E570EC4}"
EndProject
Project("{8BC9CEB8-8B4A-11D0-8D11-00A0C91BC942}") = "select", "select\select.vcxproj", "{60935368-124E-4D89-A27B-564A26933583}"
EndProject
Project("{8BC9CEB8-8B4A-11D0-8D11-00A0C91BC942}") = "koreansort", "koreansort\koreansort.vcxproj", "{80CB76D7-C2F2-4483-A807-E5CB2FADB48D}"
EndProject
Project("{8BC9CEB8-8B4A-11D0-8D11-00A0C91BC942}") = "fread", "fread\fread.vcxproj", "{53B3D3C9-4295-4893-81DE-512BD553810C}"
EndProject
Global
	GlobalSection(SolutionConfigurationPlatforms) = preSolution
		Debug|x64 = Debug|x64
		Debug|x86 = Debug|x86
		Release|x64 = Release|x64
		Release|x86 = Release|x86
	EndGlobalSection
	GlobalSection(ProjectConfigurationPlatforms) = postSolution
		{C13D535A-B599-41B1-831F-964FA9914801}.Debug|x64.ActiveCfg = Debug|x64
		{C13D535A-B599-41B1-831F-964FA9914801}.Debug|x64.Build.0 = Debug|x64
		{C13D535A-B599-41B1-831F-964FA9914801}.Debug|x86.ActiveCfg = Debug|Win32
		{C13D535A-B599-41B1-831F-964FA9914801}.Debug|x86.Build.0 = Debug|Win32
		{C13D535A-B599-41B1-831F-964FA9914801}.Release|x64.ActiveCfg = Release|x64
		{C13D535A-B599-41B1-831F-964FA9914801}.Release|x64.Build.0 = Release|x64
		{C13D535A-B599-41B1-831F-964FA9914801}.Release|x86.ActiveCfg = Release|Win32
		{C13D535A-B599-41B1-831F-964FA9914801}.Release|x86.Build.0 = Release|Win32
		{2AB96026-449E-4655-87B4-453DE0C2A85F}.Debug|x64.ActiveCfg = Debug|x64
		{2AB96026-449E-4655-87B4-453DE0C2A85F}.Debug|x64.Build.0 = Debug|x64
		{2AB96026-449E-4655-87B4-453DE0C2A85F}.Debug|x86.ActiveCfg = Debug|Win32
		{2AB96026-449E-4655-87B4-453DE0C2A85F}.Debug|x86.Build.0 = Debug|Win32
		{2AB96026-449E-4655-87B4-453DE0C2A85F}.Release|x64.ActiveCfg = Release|x64
		{2AB96026-449E-4655-87B4-453DE0C2A85F}.Release|x64.Build.0 = Release|x64
		{2AB96026-449E-4655-87B4-453DE0C2A85F}.Release|x86.ActiveCfg = Release|Win32
		{2AB96026-449E-4655-87B4-453DE0C2A85F}.Release|x86.Build.0 = Release|Win32
		{077EF871-9B8C-4FB5-ACA5-E967F472785B}.Debug|x64.ActiveCfg = Debug|x64
		{077EF871-9B8C-4FB5-ACA5-E967F472785B}.Debug|x64.Build.0 = Debug|x64
		{077EF871-9B8C-4FB5-ACA5-E967F472785B}.Debug|x86.ActiveCfg = Debug|Win32
		{077EF871-9B8C-4FB5-ACA5-E967F472785B}.Debug|x86.Build.0 = Debug|Win32
		{077EF871-9B8C-4FB5-ACA5-E967F472785B}.Release|x64.ActiveCfg = Release|x64
		{077EF871-9B8C-4FB5-ACA5-E967F472785B}.Release|x64.Build.0 = Release|x64
		{077EF871-9B8C-4FB5-ACA5-E967F472785B}.Release|x86.ActiveCfg = Release|Win32
		{077EF871-9B8C-4FB5-ACA5-E967F472785B}.Release|x86.Build.0 = Release|Win32
		{6FB34016-1D09-4689-8E8F-EAA98E570EC4}.Debug|x64.ActiveCfg = Debug|x64
		{6FB34016-1D09-4689-8E8F-EAA98E570EC4}.Debug|x64.Build.0 = Debug|x64
		{6FB34016-1D09-4689-8E8F-EAA98E570EC4}.Debug|x86.ActiveCfg = Debug|Win32
		{6FB34016-1D09-4689-8E8F-EAA98E570EC4}.Debug|x86.Build.0 = Debug|Win32
		{6FB34016-1D09-4689-8E8F-EAA98E570EC4}.Release|x64.ActiveCfg = Release|x64
		{6FB34016-1D09-4689-8E8F-EAA98E570EC4}.Release|x64.Build.0 = Release|x64
		{6FB34016-1D09-4689-8E8F-EAA98E570EC4}.Release|x86.ActiveCfg = Release|Win32
		{6FB34016-1D09-4689-8E8F-EAA98E570EC4}.Release|x86.Build.0 = Release|Win32
		{60935368-124E-4D89-A27B-564A26933583}.Debug|x64.ActiveCfg = Debug|x64
		{60935368-124E-4D89-A27B-564A26933583}.Debug|x64.Build.0 = Debug|x64
		{60935368-124E-4D89-A27B-564A26933583}.Debug|x86.ActiveCfg = Debug|Win32
		{60935368-124E-4D89-A27B-564A26933583}.Debug|x86.Build.0 = Debug|Win32
		{60935368-124E-4D89-A27B-564A26933583}.Release|x64.ActiveCfg = Release|x64
		{60935368-124E-4D89-A27B-564A26933583}.Release|x64.Build.0 = Release|x64
		{60935368-124E-4D89-A27B-564A26933583}.Release|x86.ActiveCfg = Release|Win32
		{60935368-124E-4D89-A27B-564A26933583}.Release|x86.Build.0 = Release|Win32
		{80CB76D7-C2F2-4483-A807-E5CB2FADB48D}.Debug|x64.ActiveCfg = Debug|x64
		{80CB76D7-C2F2-4483-A807-E5CB2FADB48D}.Debug|x64.Build.0 = Debug|x64
		{80CB76D7-C2F2-4483-A807-E5CB2FADB48D}.Debug|x86.ActiveCfg = Debug|Win32
		{80CB76D7-C2F2-4483-A807-E5CB2FADB48D}.Debug|x86.Build.0 = Debug|Win32
		{80CB76D7-C2F2-4483-A807-E5CB2FADB48D}.Release|x64.ActiveCfg = Release|x64
		{80CB76D7-C2F2-4483-A807-E5CB2FADB48D}.Release|x64.Build.0 = Release|x64
		{80CB76D7-C2F2-4483-A807-E5CB2FADB48D}.Release|x86.ActiveCfg = Release|Win32
		{80CB76D7-C2F2-4483-A807-E5CB2FADB48D}.Release|x86.Build.0 = Release|Win32
		{53B3D3C9-4295-4893-81DE-512BD553810C}.Debug|x64.ActiveCfg = Debug|x64
		{53B3D3C9-4295-4893-81DE-512BD553810C}.Debug|x64.Build.0 = Debug|x64
		{53B3D3C9-4295-4893-81DE-512BD553810C}.Debug|x86.ActiveCfg = Debug|Win32
		{53B3D3C9-4295-4893-81DE-512BD553810C}.Debug|x86.Build.0 = Debug|Win32
		{53B3D3C9-4295-4893-81DE-512BD553810C}.Release|x64.ActiveCfg = Release|x64
		{53B3D3C9-4295-4893-81DE-512BD553810C}.Release|x64.Build.0 = Release|x64
		{53B3D3C9-4295-4893-81DE-512BD553810C}.Release|x86.ActiveCfg = Release|Win32
		{53B3D3C9-4295-4893-81DE-512BD553810C}.Release|x86.Build.0 = Release|Win32
	EndGlobalSection
	GlobalSection(SolutionProperties) = preSolution
		HideSolutionNode = FALSE
	EndGlobalSection
	GlobalSection(NestedProjects) = preSolution
		{C13D535A-B599-41B1-831F-964FA9914801} = {4E02AC38-00DE-4871-AEE2-CBAA2ED15A4F}
		{2AB96026-449E-4655-87B4-453DE0C2A85F} = {0ADED0FD-2B6F-4659-B192-54DA1913A6AD}
		{0ADED0FD-2B6F-4659-B192-54DA1913A6AD} = {81A44035-66AA-4EC0-84BF-E93B3A41D855}
		{0C828CE1-FF0D-4A9D-852C-2C75DB589F33} = {81A44035-66AA-4EC0-84BF-E93B3A41D855}
		{36E56FA4-34EE-4536-88DD-5A3893C2AA85} = {81A44035-66AA-4EC0-84BF-E93B3A41D855}
		{077EF871-9B8C-4FB5-ACA5-E967F472785B} = {36E56FA4-34EE-4536-88DD-5A3893C2AA85}
		{6FB34016-1D09-4689-8E8F-EAA98E570EC4} = {36E56FA4-34EE-4536-88DD-5A3893C2AA85}
		{60935368-124E-4D89-A27B-564A26933583} = {36E56FA4-34EE-4536-88DD-5A3893C2AA85}
		{80CB76D7-C2F2-4483-A807-E5CB2FADB48D} = {36E56FA4-34EE-4536-88DD-5A3893C2AA85}
		{53B3D3C9-4295-4893-81DE-512BD553810C} = {0ADED0FD-2B6F-4659-B192-54DA1913A6AD}
	EndGlobalSection
	GlobalSection(ExtensibilityGlobals) = postSolution
		SolutionGuid = {F905EF24-31E6-4AFF-988C-4F64BF4B1DEB}
	EndGlobalSection
EndGlobal
